
Microsoft Visual Studio Solution File, Format Version 12.00
# Visual Studio 15
VisualStudioVersion = 15.0.28307.2092
MinimumVisualStudioVersion = 10.0.40219.1
Project("{8BC9CEB8-8B4A-11D0-8D11-00A0C91BC942}") = "Raven", "Raven.vcxproj", "{F2F64463-FA8F-41B4-9686-B8802EC32699}"
EndProject
Global
	GlobalSection(SolutionConfigurationPlatforms) = preSolution
		boundschecker|x86 = boundschecker|x86
		Debug|x86 = Debug|x86
		Release|x86 = Release|x86
	EndGlobalSection
	GlobalSection(ProjectConfigurationPlatforms) = postSolution
		{F2F64463-FA8F-41B4-9686-B8802EC32699}.boundschecker|x86.ActiveCfg = boundschecker|Win32
		{F2F64463-FA8F-41B4-9686-B8802EC32699}.boundschecker|x86.Build.0 = boundschecker|Win32
		{F2F64463-FA8F-41B4-9686-B8802EC32699}.Debug|x86.ActiveCfg = Debug|Win32
		{F2F64463-FA8F-41B4-9686-B8802EC32699}.Debug|x86.Build.0 = Debug|Win32
		{F2F64463-FA8F-41B4-9686-B8802EC32699}.Release|x86.ActiveCfg = Release|Win32
		{F2F64463-FA8F-41B4-9686-B8802EC32699}.Release|x86.Build.0 = Release|Win32
	EndGlobalSection
	GlobalSection(SolutionProperties) = preSolution
		HideSolutionNode = FALSE
	EndGlobalSection
	GlobalSection(ExtensibilityGlobals) = postSolution
		SolutionGuid = {AE353498-A7C2-48D8-A1D0-3EE041E7CCDA}
	EndGlobalSection
EndGlobal
